// !$*UTF8*$!
{
	archiveVersion = 1;
	classes = {
	};
	objectVersion = 48;
	objects = {

/* Begin PBXBuildFile section */
		C560A0F7227D410F0033BD3A /* DBHelper.swift in Sources */ = {isa = PBXBuildFile; fileRef = C560A0F6227D410F0033BD3A /* DBHelper.swift */; };
		C59606F1227C125E00998634 /* AppDelegate.swift in Sources */ = {isa = PBXBuildFile; fileRef = C59606F0227C125E00998634 /* AppDelegate.swift */; };
		C59606F3227C125E00998634 /* ViewController.swift in Sources */ = {isa = PBXBuildFile; fileRef = C59606F2227C125E00998634 /* ViewController.swift */; };
		C59606F6227C125E00998634 /* Main.storyboard in Resources */ = {isa = PBXBuildFile; fileRef = C59606F4227C125E00998634 /* Main.storyboard */; };
		C59606F8227C125E00998634 /* Assets.xcassets in Resources */ = {isa = PBXBuildFile; fileRef = C59606F7227C125E00998634 /* Assets.xcassets */; };
		C59606FB227C125E00998634 /* LaunchScreen.storyboard in Resources */ = {isa = PBXBuildFile; fileRef = C59606F9227C125E00998634 /* LaunchScreen.storyboard */; };
		C5960703227C139000998634 /* create_load.sql in Resources */ = {isa = PBXBuildFile; fileRef = C5960702227C139000998634 /* create_load.sql */; };
		C5960705227C179700998634 /* DBConfig.plist in Resources */ = {isa = PBXBuildFile; fileRef = C5960704227C179700998634 /* DBConfig.plist */; };
		C596070B227C193D00998634 /* Events.swift in Sources */ = {isa = PBXBuildFile; fileRef = C596070A227C193D00998634 /* Events.swift */; };
		C596070D227C194D00998634 /* Schedule.swift in Sources */ = {isa = PBXBuildFile; fileRef = C596070C227C194D00998634 /* Schedule.swift */; };
		C596070F227C1AC600998634 /* BaseDAO.swift in Sources */ = {isa = PBXBuildFile; fileRef = C596070E227C1AC600998634 /* BaseDAO.swift */; };
		C5960711227C1ADD00998634 /* EventsDAO.swift in Sources */ = {isa = PBXBuildFile; fileRef = C5960710227C1ADD00998634 /* EventsDAO.swift */; };
		C5960713227C1AF800998634 /* ScheduleDAO.swift in Sources */ = {isa = PBXBuildFile; fileRef = C5960712227C1AF800998634 /* ScheduleDAO.swift */; };
/* End PBXBuildFile section */

/* Begin PBXFileReference section */
		C560A0F6227D410F0033BD3A /* DBHelper.swift */ = {isa = PBXFileReference; lastKnownFileType = sourcecode.swift; path = DBHelper.swift; sourceTree = "<group>"; };
		C59606ED227C125E00998634 /* TokyoOlympics.app */ = {isa = PBXFileReference; explicitFileType = wrapper.application; includeInIndex = 0; path = TokyoOlympics.app; sourceTree = BUILT_PRODUCTS_DIR; };
		C59606F0227C125E00998634 /* AppDelegate.swift */ = {isa = PBXFileReference; lastKnownFileType = sourcecode.swift; path = AppDelegate.swift; sourceTree = "<group>"; };
		C59606F2227C125E00998634 /* ViewController.swift */ = {isa = PBXFileReference; lastKnownFileType = sourcecode.swift; path = ViewController.swift; sourceTree = "<group>"; };
		C59606F5227C125E00998634 /* Base */ = {isa = PBXFileReference; lastKnownFileType = file.storyboard; name = Base; path = Base.lproj/Main.storyboard; sourceTree = "<group>"; };
		C59606F7227C125E00998634 /* Assets.xcassets */ = {isa = PBXFileReference; lastKnownFileType = folder.assetcatalog; path = Assets.xcassets; sourceTree = "<group>"; };
		C59606FA227C125E00998634 /* Base */ = {isa = PBXFileReference; lastKnownFileType = file.storyboard; name = Base; path = Base.lproj/LaunchScreen.storyboard; sourceTree = "<group>"; };
		C59606FC227C125E00998634 /* Info.plist */ = {isa = PBXFileReference; lastKnownFileType = text.plist.xml; path = Info.plist; sourceTree = "<group>"; };
		C5960702227C139000998634 /* create_load.sql */ = {isa = PBXFileReference; lastKnownFileType = text; path = create_load.sql; sourceTree = "<group>"; };
		C5960704227C179700998634 /* DBConfig.plist */ = {isa = PBXFileReference; lastKnownFileType = text.plist.xml; path = DBConfig.plist; sourceTree = "<group>"; };
		C596070A227C193D00998634 /* Events.swift */ = {isa = PBXFileReference; lastKnownFileType = sourcecode.swift; path = Events.swift; sourceTree = "<group>"; };
		C596070C227C194D00998634 /* Schedule.swift */ = {isa = PBXFileReference; lastKnownFileType = sourcecode.swift; path = Schedule.swift; sourceTree = "<group>"; };
		C596070E227C1AC600998634 /* BaseDAO.swift */ = {isa = PBXFileReference; lastKnownFileType = sourcecode.swift; path = BaseDAO.swift; sourceTree = "<group>"; };
		C5960710227C1ADD00998634 /* EventsDAO.swift */ = {isa = PBXFileReference; lastKnownFileType = sourcecode.swift; path = EventsDAO.swift; sourceTree = "<group>"; };
		C5960712227C1AF800998634 /* ScheduleDAO.swift */ = {isa = PBXFileReference; lastKnownFileType = sourcecode.swift; path = ScheduleDAO.swift; sourceTree = "<group>"; };
/* End PBXFileReference section */

/* Begin PBXFrameworksBuildPhase section */
		C59606EA227C125E00998634 /* Frameworks */ = {
			isa = PBXFrameworksBuildPhase;
			buildActionMask = 2147483647;
			files = (
			);
			runOnlyForDeploymentPostprocessing = 0;
		};
/* End PBXFrameworksBuildPhase section */

/* Begin PBXGroup section */
		C59606E4227C125E00998634 = {
			isa = PBXGroup;
			children = (
				C5960706227C182C00998634 /* DataPersistentLayer */,
				C59606EF227C125E00998634 /* ImplementationLayer */,
				C59606EE227C125E00998634 /* Products */,
			);
			sourceTree = "<group>";
		};
		C59606EE227C125E00998634 /* Products */ = {
			isa = PBXGroup;
			children = (
				C59606ED227C125E00998634 /* TokyoOlympics.app */,
			);
			name = Products;
			sourceTree = "<group>";
		};
		C59606EF227C125E00998634 /* ImplementationLayer */ = {
			isa = PBXGroup;
			children = (
				C59606F0227C125E00998634 /* AppDelegate.swift */,
				C59606F2227C125E00998634 /* ViewController.swift */,
				C59606F4227C125E00998634 /* Main.storyboard */,
				C59606F7227C125E00998634 /* Assets.xcassets */,
				C59606F9227C125E00998634 /* LaunchScreen.storyboard */,
				C59606FC227C125E00998634 /* Info.plist */,
			);
			path = ImplementationLayer;
			sourceTree = "<group>";
		};
		C5960706227C182C00998634 /* DataPersistentLayer */ = {
			isa = PBXGroup;
			children = (
				C5960709227C189900998634 /* domain */,
				C5960708227C189100998634 /* DBFile */,
				C5960707227C188C00998634 /* dao */,
				C560A0F6227D410F0033BD3A /* DBHelper.swift */,
			);
			path = DataPersistentLayer;
			sourceTree = "<group>";
		};
		C5960707227C188C00998634 /* dao */ = {
			isa = PBXGroup;
			children = (
				C596070E227C1AC600998634 /* BaseDAO.swift */,
				C5960710227C1ADD00998634 /* EventsDAO.swift */,
				C5960712227C1AF800998634 /* ScheduleDAO.swift */,
			);
			path = dao;
			sourceTree = "<group>";
		};
		C5960708227C189100998634 /* DBFile */ = {
			isa = PBXGroup;
			children = (
				C5960702227C139000998634 /* create_load.sql */,
				C5960704227C179700998634 /* DBConfig.plist */,
			);
			path = DBFile;
			sourceTree = "<group>";
		};
		C5960709227C189900998634 /* domain */ = {
			isa = PBXGroup;
			children = (
				C596070A227C193D00998634 /* Events.swift */,
				C596070C227C194D00998634 /* Schedule.swift */,
			);
			path = domain;
			sourceTree = "<group>";
		};
/* End PBXGroup section */

/* Begin PBXNativeTarget section */
		C59606EC227C125E00998634 /* TokyoOlympics */ = {
			isa = PBXNativeTarget;
			buildConfigurationList = C59606FF227C125E00998634 /* Build configuration list for PBXNativeTarget "TokyoOlympics" */;
			buildPhases = (
				C59606E9227C125E00998634 /* Sources */,
				C59606EA227C125E00998634 /* Frameworks */,
				C59606EB227C125E00998634 /* Resources */,
			);
			buildRules = (
			);
			dependencies = (
			);
			name = TokyoOlympics;
			productName = TokyoOlympics;
			productReference = C59606ED227C125E00998634 /* TokyoOlympics.app */;
			productType = "com.apple.product-type.application";
		};
/* End PBXNativeTarget section */

/* Begin PBXProject section */
		C59606E5227C125E00998634 /* Project object */ = {
			isa = PBXProject;
			attributes = {
				LastSwiftUpdateCheck = 0920;
				LastUpgradeCheck = 0920;
				ORGANIZATIONNAME = tingo;
				TargetAttributes = {
					C59606EC227C125E00998634 = {
						CreatedOnToolsVersion = 9.2;
						ProvisioningStyle = Automatic;
					};
				};
			};
			buildConfigurationList = C59606E8227C125E00998634 /* Build configuration list for PBXProject "TokyoOlympics" */;
			compatibilityVersion = "Xcode 8.0";
			developmentRegion = en;
			hasScannedForEncodings = 0;
			knownRegions = (
				en,
				Base,
			);
			mainGroup = C59606E4227C125E00998634;
			productRefGroup = C59606EE227C125E00998634 /* Products */;
			projectDirPath = "";
			projectRoot = "";
			targets = (
				C59606EC227C125E00998634 /* TokyoOlympics */,
			);
		};
/* End PBXProject section */

/* Begin PBXResourcesBuildPhase section */
		C59606EB227C125E00998634 /* Resources */ = {
			isa = PBXResourcesBuildPhase;
			buildActionMask = 2147483647;
			files = (
				C5960705227C179700998634 /* DBConfig.plist in Resources */,
				C5960703227C139000998634 /* create_load.sql in Resources */,
				C59606FB227C125E00998634 /* LaunchScreen.storyboard in Resources */,
				C59606F8227C125E00998634 /* Assets.xcassets in Resources */,
				C59606F6227C125E00998634 /* Main.storyboard in Resources */,
			);
			runOnlyForDeploymentPostprocessing = 0;
		};
/* End PBXResourcesBuildPhase section */

/* Begin PBXSourcesBuildPhase section */
		C59606E9227C125E00998634 /* Sources */ = {
			isa = PBXSourcesBuildPhase;
			buildActionMask = 2147483647;
			files = (
				C596070B227C193D00998634 /* Events.swift in Sources */,
				C5960711227C1ADD00998634 /* EventsDAO.swift in Sources */,
				C59606F3227C125E00998634 /* ViewController.swift in Sources */,
				C596070D227C194D00998634 /* Schedule.swift in Sources */,
				C5960713227C1AF800998634 /* ScheduleDAO.swift in Sources */,
				C59606F1227C125E00998634 /* AppDelegate.swift in Sources */,
				C596070F227C1AC600998634 /* BaseDAO.swift in Sources */,
				C560A0F7227D410F0033BD3A /* DBHelper.swift in Sources */,
			);
			runOnlyForDeploymentPostprocessing = 0;
		};
/* End PBXSourcesBuildPhase section */

/* Begin PBXVariantGroup section */
		C59606F4227C125E00998634 /* Main.storyboard */ = {
			isa = PBXVariantGroup;
			children = (
				C59606F5227C125E00998634 /* Base */,
			);
			name = Main.storyboard;
			sourceTree = "<group>";
		};
		C59606F9227C125E00998634 /* LaunchScreen.storyboard */ = {
			isa = PBXVariantGroup;
			children = (
				C59606FA227C125E00998634 /* Base */,
			);
			name = LaunchScreen.storyboard;
			sourceTree = "<group>";
		};
/* End PBXVariantGroup section */

/* Begin XCBuildConfiguration section */
		C59606FD227C125E00998634 /* Debug */ = {
			isa = XCBuildConfiguration;
			buildSettings = {
				ALWAYS_SEARCH_USER_PATHS = NO;
				CLANG_ANALYZER_NONNULL = YES;
				CLANG_ANALYZER_NUMBER_OBJECT_CONVERSION = YES_AGGRESSIVE;
				CLANG_CXX_LANGUAGE_STANDARD = "gnu++14";
				CLANG_CXX_LIBRARY = "libc++";
				CLANG_ENABLE_MODULES = YES;
				CLANG_ENABLE_OBJC_ARC = YES;
				CLANG_WARN_BLOCK_CAPTURE_AUTORELEASING = YES;
				CLANG_WARN_BOOL_CONVERSION = YES;
				CLANG_WARN_COMMA = YES;
				CLANG_WARN_CONSTANT_CONVERSION = YES;
				CLANG_WARN_DIRECT_OBJC_ISA_USAGE = YES_ERROR;
				CLANG_WARN_DOCUMENTATION_COMMENTS = YES;
				CLANG_WARN_EMPTY_BODY = YES;
				CLANG_WARN_ENUM_CONVERSION = YES;
				CLANG_WARN_INFINITE_RECURSION = YES;
				CLANG_WARN_INT_CONVERSION = YES;
				CLANG_WARN_NON_LITERAL_NULL_CONVERSION = YES;
				CLANG_WARN_OBJC_LITERAL_CONVERSION = YES;
				CLANG_WARN_OBJC_ROOT_CLASS = YES_ERROR;
				CLANG_WARN_RANGE_LOOP_ANALYSIS = YES;
				CLANG_WARN_STRICT_PROTOTYPES = YES;
				CLANG_WARN_SUSPICIOUS_MOVE = YES;
				CLANG_WARN_UNGUARDED_AVAILABILITY = YES_AGGRESSIVE;
				CLANG_WARN_UNREACHABLE_CODE = YES;
				CLANG_WARN__DUPLICATE_METHOD_MATCH = YES;
				CODE_SIGN_IDENTITY = "iPhone Developer";
				COPY_PHASE_STRIP = NO;
				DEBUG_INFORMATION_FORMAT = dwarf;
				ENABLE_STRICT_OBJC_MSGSEND = YES;
				ENABLE_TESTABILITY = YES;
				GCC_C_LANGUAGE_STANDARD = gnu11;
				GCC_DYNAMIC_NO_PIC = NO;
				GCC_NO_COMMON_BLOCKS = YES;
				GCC_OPTIMIZATION_LEVEL = 0;
				GCC_PREPROCESSOR_DEFINITIONS = (
					"DEBUG=1",
					"$(inherited)",
				);
				GCC_WARN_64_TO_32_BIT_CONVERSION = YES;
				GCC_WARN_ABOUT_RETURN_TYPE = YES_ERROR;
				GCC_WARN_UNDECLARED_SELECTOR = YES;
				GCC_WARN_UNINITIALIZED_AUTOS = YES_AGGRESSIVE;
				GCC_WARN_UNUSED_FUNCTION = YES;
				GCC_WARN_UNUSED_VARIABLE = YES;
				IPHONEOS_DEPLOYMENT_TARGET = 11.2;
				MTL_ENABLE_DEBUG_INFO = YES;
				ONLY_ACTIVE_ARCH = YES;
				SDKROOT = iphoneos;
				SWIFT_ACTIVE_COMPILATION_CONDITIONS = DEBUG;
				SWIFT_OPTIMIZATION_LEVEL = "-Onone";
			};
			name = Debug;
		};
		C59606FE227C125E00998634 /* Release */ = {
			isa = XCBuildConfiguration;
			buildSettings = {
				ALWAYS_SEARCH_USER_PATHS = NO;
				CLANG_ANALYZER_NONNULL = YES;
				CLANG_ANALYZER_NUMBER_OBJECT_CONVERSION = YES_AGGRESSIVE;
				CLANG_CXX_LANGUAGE_STANDARD = "gnu++14";
				CLANG_CXX_LIBRARY = "libc++";
				CLANG_ENABLE_MODULES = YES;
				CLANG_ENABLE_OBJC_ARC = YES;
				CLANG_WARN_BLOCK_CAPTURE_AUTORELEASING = YES;
				CLANG_WARN_BOOL_CONVERSION = YES;
				CLANG_WARN_COMMA = YES;
				CLANG_WARN_CONSTANT_CONVERSION = YES;
				CLANG_WARN_DIRECT_OBJC_ISA_USAGE = YES_ERROR;
				CLANG_WARN_DOCUMENTATION_COMMENTS = YES;
				CLANG_WARN_EMPTY_BODY = YES;
				CLANG_WARN_ENUM_CONVERSION = YES;
				CLANG_WARN_INFINITE_RECURSION = YES;
				CLANG_WARN_INT_CONVERSION = YES;
				CLANG_WARN_NON_LITERAL_NULL_CONVERSION = YES;
				CLANG_WARN_OBJC_LITERAL_CONVERSION = YES;
				CLANG_WARN_OBJC_ROOT_CLASS = YES_ERROR;
				CLANG_WARN_RANGE_LOOP_ANALYSIS = YES;
				CLANG_WARN_STRICT_PROTOTYPES = YES;
				CLANG_WARN_SUSPICIOUS_MOVE = YES;
				CLANG_WARN_UNGUARDED_AVAILABILITY = YES_AGGRESSIVE;
				CLANG_WARN_UNREACHABLE_CODE = YES;
				CLANG_WARN__DUPLICATE_METHOD_MATCH = YES;
				CODE_SIGN_IDENTITY = "iPhone Developer";
				COPY_PHASE_STRIP = NO;
				DEBUG_INFORMATION_FORMAT = "dwarf-with-dsym";
				ENABLE_NS_ASSERTIONS = NO;
				ENABLE_STRICT_OBJC_MSGSEND = YES;
				GCC_C_LANGUAGE_STANDARD = gnu11;
				GCC_NO_COMMON_BLOCKS = YES;
				GCC_WARN_64_TO_32_BIT_CONVERSION = YES;
				GCC_WARN_ABOUT_RETURN_TYPE = YES_ERROR;
				GCC_WARN_UNDECLARED_SELECTOR = YES;
				GCC_WARN_UNINITIALIZED_AUTOS = YES_AGGRESSIVE;
				GCC_WARN_UNUSED_FUNCTION = YES;
				GCC_WARN_UNUSED_VARIABLE = YES;
				IPHONEOS_DEPLOYMENT_TARGET = 11.2;
				MTL_ENABLE_DEBUG_INFO = NO;
				SDKROOT = iphoneos;
				SWIFT_OPTIMIZATION_LEVEL = "-Owholemodule";
				VALIDATE_PRODUCT = YES;
			};
			name = Release;
		};
		C5960700227C125E00998634 /* Debug */ = {
			isa = XCBuildConfiguration;
			buildSettings = {
				ASSETCATALOG_COMPILER_APPICON_NAME = AppIcon;
				CODE_SIGN_STYLE = Automatic;
				INFOPLIST_FILE = TokyoOlympics/Info.plist;
				LD_RUNPATH_SEARCH_PATHS = "$(inherited) @executable_path/Frameworks";
				PRODUCT_BUNDLE_IDENTIFIER = kwanway.TokyoOlympics;
				PRODUCT_NAME = "$(TARGET_NAME)";
				SWIFT_VERSION = 4.0;
				TARGETED_DEVICE_FAMILY = "1,2";
			};
			name = Debug;
		};
		C5960701227C125E00998634 /* Release */ = {
			isa = XCBuildConfiguration;
			buildSettings = {
				ASSETCATALOG_COMPILER_APPICON_NAME = AppIcon;
				CODE_SIGN_STYLE = Automatic;
				INFOPLIST_FILE = TokyoOlympics/Info.plist;
				LD_RUNPATH_SEARCH_PATHS = "$(inherited) @executable_path/Frameworks";
				PRODUCT_BUNDLE_IDENTIFIER = kwanway.TokyoOlympics;
				PRODUCT_NAME = "$(TARGET_NAME)";
				SWIFT_VERSION = 4.0;
				TARGETED_DEVICE_FAMILY = "1,2";
			};
			name = Release;
		};
/* End XCBuildConfiguration section */

/* Begin XCConfigurationList section */
		C59606E8227C125E00998634 /* Build configuration list for PBXProject "TokyoOlympics" */ = {
			isa = XCConfigurationList;
			buildConfigurations = (
				C59606FD227C125E00998634 /* Debug */,
				C59606FE227C125E00998634 /* Release */,
			);
			defaultConfigurationIsVisible = 0;
			defaultConfigurationName = Release;
		};
		C59606FF227C125E00998634 /* Build configuration list for PBXNativeTarget "TokyoOlympics" */ = {
			isa = XCConfigurationList;
			buildConfigurations = (
				C5960700227C125E00998634 /* Debug */,
				C5960701227C125E00998634 /* Release */,
			);
			defaultConfigurationIsVisible = 0;
			defaultConfigurationName = Release;
		};
/* End XCConfigurationList section */
	};
	rootObject = C59606E5227C125E00998634 /* Project object */;
}
